
Microsoft Visual Studio Solution File, Format Version 12.00
# Visual Studio Version 17
VisualStudioVersion = 17.9.34622.214
MinimumVisualStudioVersion = 10.0.40219.1
Project("{FAE04EC0-301F-11D3-BF4B-00C04F79EFBC}") = "pos_main", "pos_main\pos_main.csproj", "{1AFC37AD-DD8B-4598-92C6-5C69754DE529}"
EndProject
Global
	GlobalSection(SolutionConfigurationPlatforms) = preSolution
		Debug|Any CPU = Debug|Any CPU
		Release|Any CPU = Release|Any CPU
	EndGlobalSection
	GlobalSection(ProjectConfigurationPlatforms) = postSolution
		{1AFC37AD-DD8B-4598-92C6-5C69754DE529}.Debug|Any CPU.ActiveCfg = Debug|Any CPU
		{1AFC37AD-DD8B-4598-92C6-5C69754DE529}.Debug|Any CPU.Build.0 = Debug|Any CPU
		{1AFC37AD-DD8B-4598-92C6-5C69754DE529}.Release|Any CPU.ActiveCfg = Release|Any CPU
		{1AFC37AD-DD8B-4598-92C6-5C69754DE529}.Release|Any CPU.Build.0 = Release|Any CPU
	EndGlobalSection
	GlobalSection(SolutionProperties) = preSolution
		HideSolutionNode = FALSE
	EndGlobalSection
	GlobalSection(ExtensibilityGlobals) = postSolution
		SolutionGuid = {5C6EE2FF-6BA0-456C-9FF9-729EE578E54B}
	EndGlobalSection
EndGlobal
